
Microsoft Visual Studio Solution File, Format Version 12.00
# Visual Studio 15
VisualStudioVersion = 15.0.27703.1
MinimumVisualStudioVersion = 10.0.40219.1
Project("{FAE04EC0-301F-11D3-BF4B-00C04F79EFBC}") = "ISPviolation", "Lesson3\ISPviolation.csproj", "{AF53E4AB-E11A-4473-B76C-8E1E7E6D2157}"
EndProject
Project("{FAE04EC0-301F-11D3-BF4B-00C04F79EFBC}") = "ISPmodified", "ISPmodified\ISPmodified.csproj", "{BF017E24-CE87-4994-9C19-C077E6CB2E58}"
EndProject
Project("{FAE04EC0-301F-11D3-BF4B-00C04F79EFBC}") = "OCPviolation", "OCPviolation\OCPviolation.csproj", "{5DAB787C-0681-402C-BF3E-D2F9D699FA90}"
EndProject
Project("{FAE04EC0-301F-11D3-BF4B-00C04F79EFBC}") = "OCPmodified", "OCPmodified\OCPmodified.csproj", "{145A2D0D-92A0-495B-A8D3-AEEEA4F961F5}"
EndProject
Global
	GlobalSection(SolutionConfigurationPlatforms) = preSolution
		Debug|Any CPU = Debug|Any CPU
		Release|Any CPU = Release|Any CPU
	EndGlobalSection
	GlobalSection(ProjectConfigurationPlatforms) = postSolution
		{AF53E4AB-E11A-4473-B76C-8E1E7E6D2157}.Debug|Any CPU.ActiveCfg = Debug|Any CPU
		{AF53E4AB-E11A-4473-B76C-8E1E7E6D2157}.Debug|Any CPU.Build.0 = Debug|Any CPU
		{AF53E4AB-E11A-4473-B76C-8E1E7E6D2157}.Release|Any CPU.ActiveCfg = Release|Any CPU
		{AF53E4AB-E11A-4473-B76C-8E1E7E6D2157}.Release|Any CPU.Build.0 = Release|Any CPU
		{BF017E24-CE87-4994-9C19-C077E6CB2E58}.Debug|Any CPU.ActiveCfg = Debug|Any CPU
		{BF017E24-CE87-4994-9C19-C077E6CB2E58}.Debug|Any CPU.Build.0 = Debug|Any CPU
		{BF017E24-CE87-4994-9C19-C077E6CB2E58}.Release|Any CPU.ActiveCfg = Release|Any CPU
		{BF017E24-CE87-4994-9C19-C077E6CB2E58}.Release|Any CPU.Build.0 = Release|Any CPU
		{5DAB787C-0681-402C-BF3E-D2F9D699FA90}.Debug|Any CPU.ActiveCfg = Debug|Any CPU
		{5DAB787C-0681-402C-BF3E-D2F9D699FA90}.Debug|Any CPU.Build.0 = Debug|Any CPU
		{5DAB787C-0681-402C-BF3E-D2F9D699FA90}.Release|Any CPU.ActiveCfg = Release|Any CPU
		{5DAB787C-0681-402C-BF3E-D2F9D699FA90}.Release|Any CPU.Build.0 = Release|Any CPU
		{145A2D0D-92A0-495B-A8D3-AEEEA4F961F5}.Debug|Any CPU.ActiveCfg = Debug|Any CPU
		{145A2D0D-92A0-495B-A8D3-AEEEA4F961F5}.Debug|Any CPU.Build.0 = Debug|Any CPU
		{145A2D0D-92A0-495B-A8D3-AEEEA4F961F5}.Release|Any CPU.ActiveCfg = Release|Any CPU
		{145A2D0D-92A0-495B-A8D3-AEEEA4F961F5}.Release|Any CPU.Build.0 = Release|Any CPU
	EndGlobalSection
	GlobalSection(SolutionProperties) = preSolution
		HideSolutionNode = FALSE
	EndGlobalSection
	GlobalSection(ExtensibilityGlobals) = postSolution
		SolutionGuid = {7FE31FBC-4C33-4870-8852-2A5923BDBFA2}
	EndGlobalSection
EndGlobal
