
Microsoft Visual Studio Solution File, Format Version 12.00
# Visual Studio 15
VisualStudioVersion = 15.0.27703.1
MinimumVisualStudioVersion = 10.0.40219.1
Project("{FAE04EC0-301F-11D3-BF4B-00C04F79EFBC}") = "lesson14", "lesson14\lesson14.csproj", "{94968D46-7A86-4FE7-900D-A1953F998FFB}"
EndProject
Global
	GlobalSection(SolutionConfigurationPlatforms) = preSolution
		Debug|Any CPU = Debug|Any CPU
		Release|Any CPU = Release|Any CPU
	EndGlobalSection
	GlobalSection(ProjectConfigurationPlatforms) = postSolution
		{94968D46-7A86-4FE7-900D-A1953F998FFB}.Debug|Any CPU.ActiveCfg = Debug|Any CPU
		{94968D46-7A86-4FE7-900D-A1953F998FFB}.Debug|Any CPU.Build.0 = Debug|Any CPU
		{94968D46-7A86-4FE7-900D-A1953F998FFB}.Release|Any CPU.ActiveCfg = Release|Any CPU
		{94968D46-7A86-4FE7-900D-A1953F998FFB}.Release|Any CPU.Build.0 = Release|Any CPU
	EndGlobalSection
	GlobalSection(SolutionProperties) = preSolution
		HideSolutionNode = FALSE
	EndGlobalSection
	GlobalSection(ExtensibilityGlobals) = postSolution
		SolutionGuid = {2801AC60-CAC5-47F1-A6E9-1DC6DD2C0247}
	EndGlobalSection
EndGlobal
