
Microsoft Visual Studio Solution File, Format Version 12.00
# Visual Studio 15
VisualStudioVersion = 15.0.27703.1
MinimumVisualStudioVersion = 10.0.40219.1
Project("{FAE04EC0-301F-11D3-BF4B-00C04F79EFBC}") = "Lesson11", "Lesson11\Lesson11.csproj", "{14C766B0-930F-44DC-A905-45233BB79F69}"
EndProject
Project("{FAE04EC0-301F-11D3-BF4B-00C04F79EFBC}") = "Closures", "Closures\Closures.csproj", "{6E0CC548-8DF7-4900-BADE-5DF9BCAAD7BB}"
EndProject
Project("{FAE04EC0-301F-11D3-BF4B-00C04F79EFBC}") = "11.2", "11.2\11.2.csproj", "{A12B2211-1088-4333-A0B3-F475E96AD5D9}"
EndProject
Global
	GlobalSection(SolutionConfigurationPlatforms) = preSolution
		Debug|Any CPU = Debug|Any CPU
		Release|Any CPU = Release|Any CPU
	EndGlobalSection
	GlobalSection(ProjectConfigurationPlatforms) = postSolution
		{14C766B0-930F-44DC-A905-45233BB79F69}.Debug|Any CPU.ActiveCfg = Debug|Any CPU
		{14C766B0-930F-44DC-A905-45233BB79F69}.Debug|Any CPU.Build.0 = Debug|Any CPU
		{14C766B0-930F-44DC-A905-45233BB79F69}.Release|Any CPU.ActiveCfg = Release|Any CPU
		{14C766B0-930F-44DC-A905-45233BB79F69}.Release|Any CPU.Build.0 = Release|Any CPU
		{6E0CC548-8DF7-4900-BADE-5DF9BCAAD7BB}.Debug|Any CPU.ActiveCfg = Debug|Any CPU
		{6E0CC548-8DF7-4900-BADE-5DF9BCAAD7BB}.Debug|Any CPU.Build.0 = Debug|Any CPU
		{6E0CC548-8DF7-4900-BADE-5DF9BCAAD7BB}.Release|Any CPU.ActiveCfg = Release|Any CPU
		{6E0CC548-8DF7-4900-BADE-5DF9BCAAD7BB}.Release|Any CPU.Build.0 = Release|Any CPU
		{A12B2211-1088-4333-A0B3-F475E96AD5D9}.Debug|Any CPU.ActiveCfg = Debug|Any CPU
		{A12B2211-1088-4333-A0B3-F475E96AD5D9}.Debug|Any CPU.Build.0 = Debug|Any CPU
		{A12B2211-1088-4333-A0B3-F475E96AD5D9}.Release|Any CPU.ActiveCfg = Release|Any CPU
		{A12B2211-1088-4333-A0B3-F475E96AD5D9}.Release|Any CPU.Build.0 = Release|Any CPU
	EndGlobalSection
	GlobalSection(SolutionProperties) = preSolution
		HideSolutionNode = FALSE
	EndGlobalSection
	GlobalSection(ExtensibilityGlobals) = postSolution
		SolutionGuid = {36808F4E-FF0C-4BAB-A3D1-F63EE899B483}
	EndGlobalSection
EndGlobal
