
Microsoft Visual Studio Solution File, Format Version 12.00
# Visual Studio 15
VisualStudioVersion = 15.0.27703.1
MinimumVisualStudioVersion = 10.0.40219.1
Project("{FAE04EC0-301F-11D3-BF4B-00C04F79EFBC}") = "lesson17", "lesson17\lesson17.csproj", "{7ED752CD-38ED-41BD-AC49-9453F2DDA77F}"
EndProject
Project("{FAE04EC0-301F-11D3-BF4B-00C04F79EFBC}") = "Facade", "Facade\Facade.csproj", "{DB84F18D-6B5E-49D7-A96A-90C0A5C82B44}"
EndProject
Project("{FAE04EC0-301F-11D3-BF4B-00C04F79EFBC}") = "Decorator", "Decorator\Decorator.csproj", "{41906044-9C61-4BDE-B7BE-60A736853B89}"
EndProject
Global
	GlobalSection(SolutionConfigurationPlatforms) = preSolution
		Debug|Any CPU = Debug|Any CPU
		Release|Any CPU = Release|Any CPU
	EndGlobalSection
	GlobalSection(ProjectConfigurationPlatforms) = postSolution
		{7ED752CD-38ED-41BD-AC49-9453F2DDA77F}.Debug|Any CPU.ActiveCfg = Debug|Any CPU
		{7ED752CD-38ED-41BD-AC49-9453F2DDA77F}.Debug|Any CPU.Build.0 = Debug|Any CPU
		{7ED752CD-38ED-41BD-AC49-9453F2DDA77F}.Release|Any CPU.ActiveCfg = Release|Any CPU
		{7ED752CD-38ED-41BD-AC49-9453F2DDA77F}.Release|Any CPU.Build.0 = Release|Any CPU
		{DB84F18D-6B5E-49D7-A96A-90C0A5C82B44}.Debug|Any CPU.ActiveCfg = Debug|Any CPU
		{DB84F18D-6B5E-49D7-A96A-90C0A5C82B44}.Debug|Any CPU.Build.0 = Debug|Any CPU
		{DB84F18D-6B5E-49D7-A96A-90C0A5C82B44}.Release|Any CPU.ActiveCfg = Release|Any CPU
		{DB84F18D-6B5E-49D7-A96A-90C0A5C82B44}.Release|Any CPU.Build.0 = Release|Any CPU
		{41906044-9C61-4BDE-B7BE-60A736853B89}.Debug|Any CPU.ActiveCfg = Debug|Any CPU
		{41906044-9C61-4BDE-B7BE-60A736853B89}.Debug|Any CPU.Build.0 = Debug|Any CPU
		{41906044-9C61-4BDE-B7BE-60A736853B89}.Release|Any CPU.ActiveCfg = Release|Any CPU
		{41906044-9C61-4BDE-B7BE-60A736853B89}.Release|Any CPU.Build.0 = Release|Any CPU
	EndGlobalSection
	GlobalSection(SolutionProperties) = preSolution
		HideSolutionNode = FALSE
	EndGlobalSection
	GlobalSection(ExtensibilityGlobals) = postSolution
		SolutionGuid = {A4E016AC-03CD-4BE2-8C56-160468E68DEC}
	EndGlobalSection
EndGlobal
