
Microsoft Visual Studio Solution File, Format Version 12.00
# Visual Studio 15
VisualStudioVersion = 15.0.27703.1
MinimumVisualStudioVersion = 10.0.40219.1
Project("{FAE04EC0-301F-11D3-BF4B-00C04F79EFBC}") = "lesson13", "lesson13\lesson13.csproj", "{0544C511-00D9-4B8F-AEDF-C7664D03D39E}"
EndProject
Project("{FAE04EC0-301F-11D3-BF4B-00C04F79EFBC}") = "13.2", "13.2\13.2.csproj", "{36C51A06-F2B3-4854-B9BA-8DF575E401C3}"
EndProject
Global
	GlobalSection(SolutionConfigurationPlatforms) = preSolution
		Debug|Any CPU = Debug|Any CPU
		Release|Any CPU = Release|Any CPU
	EndGlobalSection
	GlobalSection(ProjectConfigurationPlatforms) = postSolution
		{0544C511-00D9-4B8F-AEDF-C7664D03D39E}.Debug|Any CPU.ActiveCfg = Debug|Any CPU
		{0544C511-00D9-4B8F-AEDF-C7664D03D39E}.Debug|Any CPU.Build.0 = Debug|Any CPU
		{0544C511-00D9-4B8F-AEDF-C7664D03D39E}.Release|Any CPU.ActiveCfg = Release|Any CPU
		{0544C511-00D9-4B8F-AEDF-C7664D03D39E}.Release|Any CPU.Build.0 = Release|Any CPU
		{36C51A06-F2B3-4854-B9BA-8DF575E401C3}.Debug|Any CPU.ActiveCfg = Debug|Any CPU
		{36C51A06-F2B3-4854-B9BA-8DF575E401C3}.Debug|Any CPU.Build.0 = Debug|Any CPU
		{36C51A06-F2B3-4854-B9BA-8DF575E401C3}.Release|Any CPU.ActiveCfg = Release|Any CPU
		{36C51A06-F2B3-4854-B9BA-8DF575E401C3}.Release|Any CPU.Build.0 = Release|Any CPU
	EndGlobalSection
	GlobalSection(SolutionProperties) = preSolution
		HideSolutionNode = FALSE
	EndGlobalSection
	GlobalSection(ExtensibilityGlobals) = postSolution
		SolutionGuid = {4511FD26-88D3-4DAF-8149-671D3FEEC5A6}
	EndGlobalSection
EndGlobal
