
Microsoft Visual Studio Solution File, Format Version 12.00
# Visual Studio 15
VisualStudioVersion = 15.0.27703.1
MinimumVisualStudioVersion = 10.0.40219.1
Project("{FAE04EC0-301F-11D3-BF4B-00C04F79EFBC}") = "lesson7", "lesson7\lesson7.csproj", "{199D7C49-3FCB-465A-AE3A-918313314607}"
EndProject
Project("{FAE04EC0-301F-11D3-BF4B-00C04F79EFBC}") = "CarSort", "CarSort\CarSort.csproj", "{FBAEB2B1-078A-418A-BDEB-16F0EB6E725C}"
EndProject
Global
	GlobalSection(SolutionConfigurationPlatforms) = preSolution
		Debug|Any CPU = Debug|Any CPU
		Release|Any CPU = Release|Any CPU
	EndGlobalSection
	GlobalSection(ProjectConfigurationPlatforms) = postSolution
		{199D7C49-3FCB-465A-AE3A-918313314607}.Debug|Any CPU.ActiveCfg = Debug|Any CPU
		{199D7C49-3FCB-465A-AE3A-918313314607}.Debug|Any CPU.Build.0 = Debug|Any CPU
		{199D7C49-3FCB-465A-AE3A-918313314607}.Release|Any CPU.ActiveCfg = Release|Any CPU
		{199D7C49-3FCB-465A-AE3A-918313314607}.Release|Any CPU.Build.0 = Release|Any CPU
		{FBAEB2B1-078A-418A-BDEB-16F0EB6E725C}.Debug|Any CPU.ActiveCfg = Debug|Any CPU
		{FBAEB2B1-078A-418A-BDEB-16F0EB6E725C}.Debug|Any CPU.Build.0 = Debug|Any CPU
		{FBAEB2B1-078A-418A-BDEB-16F0EB6E725C}.Release|Any CPU.ActiveCfg = Release|Any CPU
		{FBAEB2B1-078A-418A-BDEB-16F0EB6E725C}.Release|Any CPU.Build.0 = Release|Any CPU
	EndGlobalSection
	GlobalSection(SolutionProperties) = preSolution
		HideSolutionNode = FALSE
	EndGlobalSection
	GlobalSection(ExtensibilityGlobals) = postSolution
		SolutionGuid = {6B4461F3-F624-4C60-8434-D93B9A234CE7}
	EndGlobalSection
EndGlobal
